
Microsoft Visual Studio Solution File, Format Version 12.00
# Visual Studio Version 16
VisualStudioVersion = 16.0.31005.135
MinimumVisualStudioVersion = 10.0.40219.1
Project("{FAE04EC0-301F-11D3-BF4B-00C04F79EFBC}") = "Classes_OOP", "Classes_OOP\Classes_OOP.csproj", "{6F9186C8-1C7E-42F2-A344-8FAA256ED87E}"
EndProject
Global
	GlobalSection(SolutionConfigurationPlatforms) = preSolution
		Debug|Any CPU = Debug|Any CPU
		Release|Any CPU = Release|Any CPU
	EndGlobalSection
	GlobalSection(ProjectConfigurationPlatforms) = postSolution
		{6F9186C8-1C7E-42F2-A344-8FAA256ED87E}.Debug|Any CPU.ActiveCfg = Debug|Any CPU
		{6F9186C8-1C7E-42F2-A344-8FAA256ED87E}.Debug|Any CPU.Build.0 = Debug|Any CPU
		{6F9186C8-1C7E-42F2-A344-8FAA256ED87E}.Release|Any CPU.ActiveCfg = Release|Any CPU
		{6F9186C8-1C7E-42F2-A344-8FAA256ED87E}.Release|Any CPU.Build.0 = Release|Any CPU
	EndGlobalSection
	GlobalSection(SolutionProperties) = preSolution
		HideSolutionNode = FALSE
	EndGlobalSection
	GlobalSection(ExtensibilityGlobals) = postSolution
		SolutionGuid = {7242ECDB-E776-4C52-A776-C0D2875CDFB9}
	EndGlobalSection
EndGlobal
